{
  "nodes": {
    "home": {
      "inputs": {
        "nixpkgs": "nixpkgs"
      },
      "locked": {
        "lastModified": 1602452024,
        "narHash": "sha256-UZ8YYjSFKMlv4Wb4Qaq4TYewuLH2qBXkZE9JFo7SUTo=",
        "owner": "nix-community",
        "repo": "home-manager",
        "rev": "7339784e07217ed0232e08d1ea33b610c94657d8",
        "type": "github"
      },
      "original": {
        "owner": "nix-community",
        "ref": "release-20.09",
        "repo": "home-manager",
        "type": "github"
      }
    },
    "master": {
      "locked": {
        "lastModified": 1603488642,
        "narHash": "sha256-1lSz56epeAMQXYfM+OwQ9ZBu+I0WfGs54OIuoBzVma4=",
        "owner": "NixOS",
        "repo": "nixpkgs",
        "rev": "7cfeb7ae7a4be22f4e7aba84df9145f983d2dd8b",
        "type": "github"
      },
      "original": {
        "owner": "NixOS",
        "ref": "release-20.09",
        "repo": "nixpkgs",
        "type": "github"
      }
    },
    "nixos": {
      "locked": {
        "lastModified": 1603488642,
        "narHash": "sha256-1lSz56epeAMQXYfM+OwQ9ZBu+I0WfGs54OIuoBzVma4=",
        "owner": "NixOS",
        "repo": "nixpkgs",
        "rev": "7cfeb7ae7a4be22f4e7aba84df9145f983d2dd8b",
        "type": "github"
      },
      "original": {
        "owner": "NixOS",
        "ref": "release-20.09",
        "repo": "nixpkgs",
        "type": "github"
      }
    },
    "nixpkgs": {
      "locked": {
        "lastModified": 1603488642,
        "narHash": "sha256-1lSz56epeAMQXYfM+OwQ9ZBu+I0WfGs54OIuoBzVma4=",
        "path": "/nix/store/99979vxr3nnjfz4vifw7j0bcqmcss36k-source",
        "rev": "7cfeb7ae7a4be22f4e7aba84df9145f983d2dd8b",
        "type": "path"
      },
      "original": {
        "id": "nixpkgs",
        "type": "indirect"
      }
    },
    "root": {
      "inputs": {
        "home": "home",
        "master": "master",
        "nixos": "nixos"
      }
    }
  },
  "root": "root",
  "version": 7
}
